<?xml version="1.0" encoding="utf-8"?>
<Project ToolsVersion="4.0" xmlns="http://schemas.microsoft.com/developer/msbuild/2003">
  <ItemGroup>
    <Filter Include="Header Files">
      <UniqueIdentifier>{93995380-89BD-4b04-88EB-625FBE52EBFB}</UniqueIdentifier>
      <Extensions>h;hh;hpp;hxx;hm;inl;inc;xsd</Extensions>
    </Filter>
    <Filter Include="Source Files">
      <UniqueIdentifier>{4FC737F1-C7A5-4376-A066-2A32D752A2FF}</UniqueIdentifier>
      <Extensions>cpp;c;cc;cxx;def;odl;idl;hpj;bat;asm;asmx</Extensions>
    </Filter>
  </ItemGroup>
  <ItemGroup>
    <ClCompile Include="..\..\src\peer_session.cpp">
      <Filter>Source Files</Filter>
    </ClCompile>
    <ClCompile Include="..\..\src\peer_address.cpp">
      <Filter>Source Files</Filter>
    </ClCompile>
    <ClCompile Include="..\..\src\peer_util.cpp">
      <Filter>Source Files</Filter>
    </ClCompile>
    <ClCompile Include="..\..\src\peer_interface.cpp">
      <Filter>Source Files</Filter>
    </ClCompile>
    <ClCompile Include="..\..\src\netpeer.cpp">
      <Filter>Source Files</Filter>
    </ClCompile>
  </ItemGroup>
  <ItemGroup>
    <ClInclude Include="..\..\include\netpeer.h">
      <Filter>Header Files</Filter>
    </ClInclude>
    <ClInclude Include="..\..\include\peer_connector_interface.h">
      <Filter>Header Files</Filter>
    </ClInclude>
    <ClInclude Include="..\..\include\peer_server_interface.h">
      <Filter>Header Files</Filter>
    </ClInclude>
    <ClInclude Include="..\..\include\peer_session_interface.h">
      <Filter>Header Files</Filter>
    </ClInclude>
    <ClInclude Include="..\..\src\peer_session.h">
      <Filter>Source Files</Filter>
    </ClInclude>
    <ClInclude Include="..\..\include\peer_address_interface.h">
      <Filter>Header Files</Filter>
    </ClInclude>
    <ClInclude Include="..\..\src\peer_address.h">
      <Filter>Source Files</Filter>
    </ClInclude>
    <ClInclude Include="..\..\include\peer_config.h">
      <Filter>Header Files</Filter>
    </ClInclude>
    <ClInclude Include="..\..\include\peer_interface.h">
      <Filter>Header Files</Filter>
    </ClInclude>
    <ClInclude Include="..\..\include\peer_define.h">
      <Filter>Header Files</Filter>
    </ClInclude>
    <ClInclude Include="..\..\src\peer_util.h">
      <Filter>Source Files</Filter>
    </ClInclude>
    <ClInclude Include="..\..\include\peer_event_handler.h">
      <Filter>Header Files</Filter>
    </ClInclude>
    <ClInclude Include="..\..\src\null_mutex.h">
      <Filter>Source Files</Filter>
    </ClInclude>
    <ClInclude Include="..\..\src\peer_connector.hpp">
      <Filter>Source Files</Filter>
    </ClInclude>
    <ClInclude Include="..\..\src\peer_server.hpp">
      <Filter>Source Files</Filter>
    </ClInclude>
  </ItemGroup>
</Project>